// !$*UTF8*$!
{
	archiveVersion = 1;
	classes = {
	};
	objectVersion = 46;
	objects = {

/* Begin PBXBuildFile section */
		090672CB1BE7377E00E1B403 /* AppDelegate.swift in Sources */ = {isa = PBXBuildFile; fileRef = 090672CA1BE7377E00E1B403 /* AppDelegate.swift */; };
		090672CD1BE7377E00E1B403 /* ViewController.swift in Sources */ = {isa = PBXBuildFile; fileRef = 090672CC1BE7377E00E1B403 /* ViewController.swift */; };
		090672D01BE7377E00E1B403 /* Main.storyboard in Resources */ = {isa = PBXBuildFile; fileRef = 090672CE1BE7377E00E1B403 /* Main.storyboard */; };
		090672D21BE7377E00E1B403 /* Assets.xcassets in Resources */ = {isa = PBXBuildFile; fileRef = 090672D11BE7377E00E1B403 /* Assets.xcassets */; };
		090672D51BE7377E00E1B403 /* LaunchScreen.storyboard in Resources */ = {isa = PBXBuildFile; fileRef = 090672D31BE7377E00E1B403 /* LaunchScreen.storyboard */; };
		090672E01BE7377E00E1B403 /* Prototype_SkeletonTests.swift in Sources */ = {isa = PBXBuildFile; fileRef = 090672DF1BE7377E00E1B403 /* Prototype_SkeletonTests.swift */; };
		090672EB1BE7377E00E1B403 /* Prototype_SkeletonUITests.swift in Sources */ = {isa = PBXBuildFile; fileRef = 090672EA1BE7377E00E1B403 /* Prototype_SkeletonUITests.swift */; };
/* End PBXBuildFile section */

/* Begin PBXContainerItemProxy section */
		090672DC1BE7377E00E1B403 /* PBXContainerItemProxy */ = {
			isa = PBXContainerItemProxy;
			containerPortal = 090672BF1BE7377E00E1B403 /* Project object */;
			proxyType = 1;
			remoteGlobalIDString = 090672C61BE7377E00E1B403;
			remoteInfo = "Prototype-Skeleton";
		};
		090672E71BE7377E00E1B403 /* PBXContainerItemProxy */ = {
			isa = PBXContainerItemProxy;
			containerPortal = 090672BF1BE7377E00E1B403 /* Project object */;
			proxyType = 1;
			remoteGlobalIDString = 090672C61BE7377E00E1B403;
			remoteInfo = "Prototype-Skeleton";
		};
/* End PBXContainerItemProxy section */

/* Begin PBXFileReference section */
		090672C71BE7377E00E1B403 /* Prototype-Skeleton.app */ = {isa = PBXFileReference; explicitFileType = wrapper.application; includeInIndex = 0; path = "Prototype-Skeleton.app"; sourceTree = BUILT_PRODUCTS_DIR; };
		090672CA1BE7377E00E1B403 /* AppDelegate.swift */ = {isa = PBXFileReference; lastKnownFileType = sourcecode.swift; path = AppDelegate.swift; sourceTree = "<group>"; };
		090672CC1BE7377E00E1B403 /* ViewController.swift */ = {isa = PBXFileReference; lastKnownFileType = sourcecode.swift; path = ViewController.swift; sourceTree = "<group>"; };
		090672CF1BE7377E00E1B403 /* Base */ = {isa = PBXFileReference; lastKnownFileType = file.storyboard; name = Base; path = Base.lproj/Main.storyboard; sourceTree = "<group>"; };
		090672D11BE7377E00E1B403 /* Assets.xcassets */ = {isa = PBXFileReference; lastKnownFileType = folder.assetcatalog; path = Assets.xcassets; sourceTree = "<group>"; };
		090672D41BE7377E00E1B403 /* Base */ = {isa = PBXFileReference; lastKnownFileType = file.storyboard; name = Base; path = Base.lproj/LaunchScreen.storyboard; sourceTree = "<group>"; };
		090672D61BE7377E00E1B403 /* Info.plist */ = {isa = PBXFileReference; lastKnownFileType = text.plist.xml; path = Info.plist; sourceTree = "<group>"; };
		090672DB1BE7377E00E1B403 /* Prototype-SkeletonTests.xctest */ = {isa = PBXFileReference; explicitFileType = wrapper.cfbundle; includeInIndex = 0; path = "Prototype-SkeletonTests.xctest"; sourceTree = BUILT_PRODUCTS_DIR; };
		090672DF1BE7377E00E1B403 /* Prototype_SkeletonTests.swift */ = {isa = PBXFileReference; lastKnownFileType = sourcecode.swift; path = Prototype_SkeletonTests.swift; sourceTree = "<group>"; };
		090672E11BE7377E00E1B403 /* Info.plist */ = {isa = PBXFileReference; lastKnownFileType = text.plist.xml; path = Info.plist; sourceTree = "<group>"; };
		090672E61BE7377E00E1B403 /* Prototype-SkeletonUITests.xctest */ = {isa = PBXFileReference; explicitFileType = wrapper.cfbundle; includeInIndex = 0; path = "Prototype-SkeletonUITests.xctest"; sourceTree = BUILT_PRODUCTS_DIR; };
		090672EA1BE7377E00E1B403 /* Prototype_SkeletonUITests.swift */ = {isa = PBXFileReference; lastKnownFileType = sourcecode.swift; path = Prototype_SkeletonUITests.swift; sourceTree = "<group>"; };
		090672EC1BE7377E00E1B403 /* Info.plist */ = {isa = PBXFileReference; lastKnownFileType = text.plist.xml; path = Info.plist; sourceTree = "<group>"; };
/* End PBXFileReference section */

/* Begin PBXFrameworksBuildPhase section */
		090672C41BE7377E00E1B403 /* Frameworks */ = {
			isa = PBXFrameworksBuildPhase;
			buildActionMask = 2147483647;
			files = (
			);
			runOnlyForDeploymentPostprocessing = 0;
		};
		090672D81BE7377E00E1B403 /* Frameworks */ = {
			isa = PBXFrameworksBuildPhase;
			buildActionMask = 2147483647;
			files = (
			);
			runOnlyForDeploymentPostprocessing = 0;
		};
		090672E31BE7377E00E1B403 /* Frameworks */ = {
			isa = PBXFrameworksBuildPhase;
			buildActionMask = 2147483647;
			files = (
			);
			runOnlyForDeploymentPostprocessing = 0;
		};
/* End PBXFrameworksBuildPhase section */

/* Begin PBXGroup section */
		090672BE1BE7377E00E1B403 = {
			isa = PBXGroup;
			children = (
				090672C91BE7377E00E1B403 /* Prototype-Skeleton */,
				090672DE1BE7377E00E1B403 /* Prototype-SkeletonTests */,
				090672E91BE7377E00E1B403 /* Prototype-SkeletonUITests */,
				090672C81BE7377E00E1B403 /* Products */,
			);
			sourceTree = "<group>";
		};
		090672C81BE7377E00E1B403 /* Products */ = {
			isa = PBXGroup;
			children = (
				090672C71BE7377E00E1B403 /* Prototype-Skeleton.app */,
				090672DB1BE7377E00E1B403 /* Prototype-SkeletonTests.xctest */,
				090672E61BE7377E00E1B403 /* Prototype-SkeletonUITests.xctest */,
			);
			name = Products;
			sourceTree = "<group>";
		};
		090672C91BE7377E00E1B403 /* Prototype-Skeleton */ = {
			isa = PBXGroup;
			children = (
				090672CA1BE7377E00E1B403 /* AppDelegate.swift */,
				090672CC1BE7377E00E1B403 /* ViewController.swift */,
				090672CE1BE7377E00E1B403 /* Main.storyboard */,
				090672D11BE7377E00E1B403 /* Assets.xcassets */,
				090672D31BE7377E00E1B403 /* LaunchScreen.storyboard */,
				090672D61BE7377E00E1B403 /* Info.plist */,
			);
			path = "Prototype-Skeleton";
			sourceTree = "<group>";
		};
		090672DE1BE7377E00E1B403 /* Prototype-SkeletonTests */ = {
			isa = PBXGroup;
			children = (
				090672DF1BE7377E00E1B403 /* Prototype_SkeletonTests.swift */,
				090672E11BE7377E00E1B403 /* Info.plist */,
			);
			path = "Prototype-SkeletonTests";
			sourceTree = "<group>";
		};
		090672E91BE7377E00E1B403 /* Prototype-SkeletonUITests */ = {
			isa = PBXGroup;
			children = (
				090672EA1BE7377E00E1B403 /* Prototype_SkeletonUITests.swift */,
				090672EC1BE7377E00E1B403 /* Info.plist */,
			);
			path = "Prototype-SkeletonUITests";
			sourceTree = "<group>";
		};
/* End PBXGroup section */

/* Begin PBXNativeTarget section */
		090672C61BE7377E00E1B403 /* Prototype-Skeleton */ = {
			isa = PBXNativeTarget;
			buildConfigurationList = 090672EF1BE7377E00E1B403 /* Build configuration list for PBXNativeTarget "Prototype-Skeleton" */;
			buildPhases = (
				090672C31BE7377E00E1B403 /* Sources */,
				090672C41BE7377E00E1B403 /* Frameworks */,
				090672C51BE7377E00E1B403 /* Resources */,
			);
			buildRules = (
			);
			dependencies = (
			);
			name = "Prototype-Skeleton";
			productName = "Prototype-Skeleton";
			productReference = 090672C71BE7377E00E1B403 /* Prototype-Skeleton.app */;
			productType = "com.apple.product-type.application";
		};
		090672DA1BE7377E00E1B403 /* Prototype-SkeletonTests */ = {
			isa = PBXNativeTarget;
			buildConfigurationList = 090672F21BE7377E00E1B403 /* Build configuration list for PBXNativeTarget "Prototype-SkeletonTests" */;
			buildPhases = (
				090672D71BE7377E00E1B403 /* Sources */,
				090672D81BE7377E00E1B403 /* Frameworks */,
				090672D91BE7377E00E1B403 /* Resources */,
			);
			buildRules = (
			);
			dependencies = (
				090672DD1BE7377E00E1B403 /* PBXTargetDependency */,
			);
			name = "Prototype-SkeletonTests";
			productName = "Prototype-SkeletonTests";
			productReference = 090672DB1BE7377E00E1B403 /* Prototype-SkeletonTests.xctest */;
			productType = "com.apple.product-type.bundle.unit-test";
		};
		090672E51BE7377E00E1B403 /* Prototype-SkeletonUITests */ = {
			isa = PBXNativeTarget;
			buildConfigurationList = 090672F51BE7377E00E1B403 /* Build configuration list for PBXNativeTarget "Prototype-SkeletonUITests" */;
			buildPhases = (
				090672E21BE7377E00E1B403 /* Sources */,
				090672E31BE7377E00E1B403 /* Frameworks */,
				090672E41BE7377E00E1B403 /* Resources */,
			);
			buildRules = (
			);
			dependencies = (
				090672E81BE7377E00E1B403 /* PBXTargetDependency */,
			);
			name = "Prototype-SkeletonUITests";
			productName = "Prototype-SkeletonUITests";
			productReference = 090672E61BE7377E00E1B403 /* Prototype-SkeletonUITests.xctest */;
			productType = "com.apple.product-type.bundle.ui-testing";
		};
/* End PBXNativeTarget section */

/* Begin PBXProject section */
		090672BF1BE7377E00E1B403 /* Project object */ = {
			isa = PBXProject;
			attributes = {
				LastUpgradeCheck = 0700;
				ORGANIZATIONNAME = Azolla;
				TargetAttributes = {
					090672C61BE7377E00E1B403 = {
						CreatedOnToolsVersion = 7.0.1;
					};
					090672DA1BE7377E00E1B403 = {
						CreatedOnToolsVersion = 7.0.1;
						TestTargetID = 090672C61BE7377E00E1B403;
					};
					090672E51BE7377E00E1B403 = {
						CreatedOnToolsVersion = 7.0.1;
						TestTargetID = 090672C61BE7377E00E1B403;
					};
				};
			};
			buildConfigurationList = 090672C21BE7377E00E1B403 /* Build configuration list for PBXProject "Prototype-Skeleton" */;
			compatibilityVersion = "Xcode 3.2";
			developmentRegion = English;
			hasScannedForEncodings = 0;
			knownRegions = (
				en,
				Base,
			);
			mainGroup = 090672BE1BE7377E00E1B403;
			productRefGroup = 090672C81BE7377E00E1B403 /* Products */;
			projectDirPath = "";
			projectRoot = "";
			targets = (
				090672C61BE7377E00E1B403 /* Prototype-Skeleton */,
				090672DA1BE7377E00E1B403 /* Prototype-SkeletonTests */,
				090672E51BE7377E00E1B403 /* Prototype-SkeletonUITests */,
			);
		};
/* End PBXProject section */

/* Begin PBXResourcesBuildPhase section */
		090672C51BE7377E00E1B403 /* Resources */ = {
			isa = PBXResourcesBuildPhase;
			buildActionMask = 2147483647;
			files = (
				090672D51BE7377E00E1B403 /* LaunchScreen.storyboard in Resources */,
				090672D21BE7377E00E1B403 /* Assets.xcassets in Resources */,
				090672D01BE7377E00E1B403 /* Main.storyboard in Resources */,
			);
			runOnlyForDeploymentPostprocessing = 0;
		};
		090672D91BE7377E00E1B403 /* Resources */ = {
			isa = PBXResourcesBuildPhase;
			buildActionMask = 2147483647;
			files = (
			);
			runOnlyForDeploymentPostprocessing = 0;
		};
		090672E41BE7377E00E1B403 /* Resources */ = {
			isa = PBXResourcesBuildPhase;
			buildActionMask = 2147483647;
			files = (
			);
			runOnlyForDeploymentPostprocessing = 0;
		};
/* End PBXResourcesBuildPhase section */

/* Begin PBXSourcesBuildPhase section */
		090672C31BE7377E00E1B403 /* Sources */ = {
			isa = PBXSourcesBuildPhase;
			buildActionMask = 2147483647;
			files = (
				090672CD1BE7377E00E1B403 /* ViewController.swift in Sources */,
				090672CB1BE7377E00E1B403 /* AppDelegate.swift in Sources */,
			);
			runOnlyForDeploymentPostprocessing = 0;
		};
		090672D71BE7377E00E1B403 /* Sources */ = {
			isa = PBXSourcesBuildPhase;
			buildActionMask = 2147483647;
			files = (
				090672E01BE7377E00E1B403 /* Prototype_SkeletonTests.swift in Sources */,
			);
			runOnlyForDeploymentPostprocessing = 0;
		};
		090672E21BE7377E00E1B403 /* Sources */ = {
			isa = PBXSourcesBuildPhase;
			buildActionMask = 2147483647;
			files = (
				090672EB1BE7377E00E1B403 /* Prototype_SkeletonUITests.swift in Sources */,
			);
			runOnlyForDeploymentPostprocessing = 0;
		};
/* End PBXSourcesBuildPhase section */

/* Begin PBXTargetDependency section */
		090672DD1BE7377E00E1B403 /* PBXTargetDependency */ = {
			isa = PBXTargetDependency;
			target = 090672C61BE7377E00E1B403 /* Prototype-Skeleton */;
			targetProxy = 090672DC1BE7377E00E1B403 /* PBXContainerItemProxy */;
		};
		090672E81BE7377E00E1B403 /* PBXTargetDependency */ = {
			isa = PBXTargetDependency;
			target = 090672C61BE7377E00E1B403 /* Prototype-Skeleton */;
			targetProxy = 090672E71BE7377E00E1B403 /* PBXContainerItemProxy */;
		};
/* End PBXTargetDependency section */

/* Begin PBXVariantGroup section */
		090672CE1BE7377E00E1B403 /* Main.storyboard */ = {
			isa = PBXVariantGroup;
			children = (
				090672CF1BE7377E00E1B403 /* Base */,
			);
			name = Main.storyboard;
			sourceTree = "<group>";
		};
		090672D31BE7377E00E1B403 /* LaunchScreen.storyboard */ = {
			isa = PBXVariantGroup;
			children = (
				090672D41BE7377E00E1B403 /* Base */,
			);
			name = LaunchScreen.storyboard;
			sourceTree = "<group>";
		};
/* End PBXVariantGroup section */

/* Begin XCBuildConfiguration section */
		090672ED1BE7377E00E1B403 /* Debug */ = {
			isa = XCBuildConfiguration;
			buildSettings = {
				ALWAYS_SEARCH_USER_PATHS = NO;
				CLANG_CXX_LANGUAGE_STANDARD = "gnu++0x";
				CLANG_CXX_LIBRARY = "libc++";
				CLANG_ENABLE_MODULES = YES;
				CLANG_ENABLE_OBJC_ARC = YES;
				CLANG_WARN_BOOL_CONVERSION = YES;
				CLANG_WARN_CONSTANT_CONVERSION = YES;
				CLANG_WARN_DIRECT_OBJC_ISA_USAGE = YES_ERROR;
				CLANG_WARN_EMPTY_BODY = YES;
				CLANG_WARN_ENUM_CONVERSION = YES;
				CLANG_WARN_INT_CONVERSION = YES;
				CLANG_WARN_OBJC_ROOT_CLASS = YES_ERROR;
				CLANG_WARN_UNREACHABLE_CODE = YES;
				CLANG_WARN__DUPLICATE_METHOD_MATCH = YES;
				"CODE_SIGN_IDENTITY[sdk=iphoneos*]" = "iPhone Developer";
				COPY_PHASE_STRIP = NO;
				DEBUG_INFORMATION_FORMAT = dwarf;
				ENABLE_STRICT_OBJC_MSGSEND = YES;
				ENABLE_TESTABILITY = YES;
				GCC_C_LANGUAGE_STANDARD = gnu99;
				GCC_DYNAMIC_NO_PIC = NO;
				GCC_NO_COMMON_BLOCKS = YES;
				GCC_OPTIMIZATION_LEVEL = 0;
				GCC_PREPROCESSOR_DEFINITIONS = (
					"DEBUG=1",
					"$(inherited)",
				);
				GCC_WARN_64_TO_32_BIT_CONVERSION = YES;
				GCC_WARN_ABOUT_RETURN_TYPE = YES_ERROR;
				GCC_WARN_UNDECLARED_SELECTOR = YES;
				GCC_WARN_UNINITIALIZED_AUTOS = YES_AGGRESSIVE;
				GCC_WARN_UNUSED_FUNCTION = YES;
				GCC_WARN_UNUSED_VARIABLE = YES;
				IPHONEOS_DEPLOYMENT_TARGET = 9.0;
				MTL_ENABLE_DEBUG_INFO = YES;
				ONLY_ACTIVE_ARCH = YES;
				SDKROOT = iphoneos;
				SWIFT_OPTIMIZATION_LEVEL = "-Onone";
				TARGETED_DEVICE_FAMILY = "1,2";
			};
			name = Debug;
		};
		090672EE1BE7377E00E1B403 /* Release */ = {
			isa = XCBuildConfiguration;
			buildSettings = {
				ALWAYS_SEARCH_USER_PATHS = NO;
				CLANG_CXX_LANGUAGE_STANDARD = "gnu++0x";
				CLANG_CXX_LIBRARY = "libc++";
				CLANG_ENABLE_MODULES = YES;
				CLANG_ENABLE_OBJC_ARC = YES;
				CLANG_WARN_BOOL_CONVERSION = YES;
				CLANG_WARN_CONSTANT_CONVERSION = YES;
				CLANG_WARN_DIRECT_OBJC_ISA_USAGE = YES_ERROR;
				CLANG_WARN_EMPTY_BODY = YES;
				CLANG_WARN_ENUM_CONVERSION = YES;
				CLANG_WARN_INT_CONVERSION = YES;
				CLANG_WARN_OBJC_ROOT_CLASS = YES_ERROR;
				CLANG_WARN_UNREACHABLE_CODE = YES;
				CLANG_WARN__DUPLICATE_METHOD_MATCH = YES;
				"CODE_SIGN_IDENTITY[sdk=iphoneos*]" = "iPhone Developer";
				COPY_PHASE_STRIP = NO;
				DEBUG_INFORMATION_FORMAT = "dwarf-with-dsym";
				ENABLE_NS_ASSERTIONS = NO;
				ENABLE_STRICT_OBJC_MSGSEND = YES;
				GCC_C_LANGUAGE_STANDARD = gnu99;
				GCC_NO_COMMON_BLOCKS = YES;
				GCC_WARN_64_TO_32_BIT_CONVERSION = YES;
				GCC_WARN_ABOUT_RETURN_TYPE = YES_ERROR;
				GCC_WARN_UNDECLARED_SELECTOR = YES;
				GCC_WARN_UNINITIALIZED_AUTOS = YES_AGGRESSIVE;
				GCC_WARN_UNUSED_FUNCTION = YES;
				GCC_WARN_UNUSED_VARIABLE = YES;
				IPHONEOS_DEPLOYMENT_TARGET = 9.0;
				MTL_ENABLE_DEBUG_INFO = NO;
				SDKROOT = iphoneos;
				TARGETED_DEVICE_FAMILY = "1,2";
				VALIDATE_PRODUCT = YES;
			};
			name = Release;
		};
		090672F01BE7377E00E1B403 /* Debug */ = {
			isa = XCBuildConfiguration;
			buildSettings = {
				ASSETCATALOG_COMPILER_APPICON_NAME = AppIcon;
				INFOPLIST_FILE = "Prototype-Skeleton/Info.plist";
				LD_RUNPATH_SEARCH_PATHS = "$(inherited) @executable_path/Frameworks";
				PRODUCT_BUNDLE_IDENTIFIER = "io.azolla.iOS.Prototype-Skeleton";
				PRODUCT_NAME = "$(TARGET_NAME)";
			};
			name = Debug;
		};
		090672F11BE7377E00E1B403 /* Release */ = {
			isa = XCBuildConfiguration;
			buildSettings = {
				ASSETCATALOG_COMPILER_APPICON_NAME = AppIcon;
				INFOPLIST_FILE = "Prototype-Skeleton/Info.plist";
				LD_RUNPATH_SEARCH_PATHS = "$(inherited) @executable_path/Frameworks";
				PRODUCT_BUNDLE_IDENTIFIER = "io.azolla.iOS.Prototype-Skeleton";
				PRODUCT_NAME = "$(TARGET_NAME)";
			};
			name = Release;
		};
		090672F31BE7377E00E1B403 /* Debug */ = {
			isa = XCBuildConfiguration;
			buildSettings = {
				BUNDLE_LOADER = "$(TEST_HOST)";
				INFOPLIST_FILE = "Prototype-SkeletonTests/Info.plist";
				LD_RUNPATH_SEARCH_PATHS = "$(inherited) @executable_path/Frameworks @loader_path/Frameworks";
				PRODUCT_BUNDLE_IDENTIFIER = "io.azolla.iOS.Prototype-SkeletonTests";
				PRODUCT_NAME = "$(TARGET_NAME)";
				TEST_HOST = "$(BUILT_PRODUCTS_DIR)/Prototype-Skeleton.app/Prototype-Skeleton";
			};
			name = Debug;
		};
		090672F41BE7377E00E1B403 /* Release */ = {
			isa = XCBuildConfiguration;
			buildSettings = {
				BUNDLE_LOADER = "$(TEST_HOST)";
				INFOPLIST_FILE = "Prototype-SkeletonTests/Info.plist";
				LD_RUNPATH_SEARCH_PATHS = "$(inherited) @executable_path/Frameworks @loader_path/Frameworks";
				PRODUCT_BUNDLE_IDENTIFIER = "io.azolla.iOS.Prototype-SkeletonTests";
				PRODUCT_NAME = "$(TARGET_NAME)";
				TEST_HOST = "$(BUILT_PRODUCTS_DIR)/Prototype-Skeleton.app/Prototype-Skeleton";
			};
			name = Release;
		};
		090672F61BE7377E00E1B403 /* Debug */ = {
			isa = XCBuildConfiguration;
			buildSettings = {
				INFOPLIST_FILE = "Prototype-SkeletonUITests/Info.plist";
				LD_RUNPATH_SEARCH_PATHS = "$(inherited) @executable_path/Frameworks @loader_path/Frameworks";
				PRODUCT_BUNDLE_IDENTIFIER = "io.azolla.iOS.Prototype-SkeletonUITests";
				PRODUCT_NAME = "$(TARGET_NAME)";
				TEST_TARGET_NAME = "Prototype-Skeleton";
				USES_XCTRUNNER = YES;
			};
			name = Debug;
		};
		090672F71BE7377E00E1B403 /* Release */ = {
			isa = XCBuildConfiguration;
			buildSettings = {
				INFOPLIST_FILE = "Prototype-SkeletonUITests/Info.plist";
				LD_RUNPATH_SEARCH_PATHS = "$(inherited) @executable_path/Frameworks @loader_path/Frameworks";
				PRODUCT_BUNDLE_IDENTIFIER = "io.azolla.iOS.Prototype-SkeletonUITests";
				PRODUCT_NAME = "$(TARGET_NAME)";
				TEST_TARGET_NAME = "Prototype-Skeleton";
				USES_XCTRUNNER = YES;
			};
			name = Release;
		};
/* End XCBuildConfiguration section */

/* Begin XCConfigurationList section */
		090672C21BE7377E00E1B403 /* Build configuration list for PBXProject "Prototype-Skeleton" */ = {
			isa = XCConfigurationList;
			buildConfigurations = (
				090672ED1BE7377E00E1B403 /* Debug */,
				090672EE1BE7377E00E1B403 /* Release */,
			);
			defaultConfigurationIsVisible = 0;
			defaultConfigurationName = Release;
		};
		090672EF1BE7377E00E1B403 /* Build configuration list for PBXNativeTarget "Prototype-Skeleton" */ = {
			isa = XCConfigurationList;
			buildConfigurations = (
				090672F01BE7377E00E1B403 /* Debug */,
				090672F11BE7377E00E1B403 /* Release */,
			);
			defaultConfigurationIsVisible = 0;
		};
		090672F21BE7377E00E1B403 /* Build configuration list for PBXNativeTarget "Prototype-SkeletonTests" */ = {
			isa = XCConfigurationList;
			buildConfigurations = (
				090672F31BE7377E00E1B403 /* Debug */,
				090672F41BE7377E00E1B403 /* Release */,
			);
			defaultConfigurationIsVisible = 0;
		};
		090672F51BE7377E00E1B403 /* Build configuration list for PBXNativeTarget "Prototype-SkeletonUITests" */ = {
			isa = XCConfigurationList;
			buildConfigurations = (
				090672F61BE7377E00E1B403 /* Debug */,
				090672F71BE7377E00E1B403 /* Release */,
			);
			defaultConfigurationIsVisible = 0;
		};
/* End XCConfigurationList section */
	};
	rootObject = 090672BF1BE7377E00E1B403 /* Project object */;
}
